# DO NOT EDIT MANUALLY - Managed by Fern Replay
version: "1.0"
generations:
  - commit_sha: 69f1d3729468eecb5637baa85e2b6303f1b80c0d
    tree_hash: f4270f856ef00655a7d2965019c135bb4e42e380
    timestamp: 2026-08-25T01:58:11.784Z
    cli_version: unknown
    generator_versions: {}
  - commit_sha: f41bb31550b9965a4b2a1631b94888c3ab205e32
    tree_hash: 307ce3fb6d5698e59f5b2bf8e7e0149a5e445d8d
    timestamp: 2026-08-25T01:58:12.494Z
    cli_version: unknown
    generator_versions:
      fernapi/fern-ruby-sdk: 1.23.2
  - commit_sha: a95ffd10d7a72efb540bcdc0327172669f138488
    tree_hash: bf484e9c20407812861dac6df9b760963d33bd30
    timestamp: 2026-08-25T06:17:22.307Z
    cli_version: unknown
    generator_versions:
      fernapi/fern-ruby-sdk: 1.23.2
  - commit_sha: 3a515a64301868d3a3fa304877034f398bf1ffdf
    tree_hash: ac62dac976c0848f731ea232c6cbb913eefbf39f
    timestamp: 2026-08-25T18:12:54.994Z
    cli_version: unknown
    generator_versions:
      fernapi/fern-ruby-sdk: 1.23.2
  - commit_sha: 26d4c8693d8b5ed3b7712a8b2995c0d4652f96be
    tree_hash: 7a584c4545487e403c9794c9a493f749e65479ee
    timestamp: 2026-08-25T22:42:06.004Z
    cli_version: unknown
    generator_versions:
      fernapi/fern-ruby-sdk: 1.23.2
  - commit_sha: 155b9df0c66a199e12853bacb530d79d7802dfd2
    tree_hash: 17589c267dbbff09a7be05bb3bb71af7ea221643
    timestamp: 2026-08-26T03:57:35.841Z
    cli_version: unknown
    generator_versions:
      fernapi/fern-ruby-sdk: 1.23.2
  - commit_sha: 2af02ab849ae2f388c65c069423abbd8993eb862
    tree_hash: b19a842288187288b0eed122710246aa36d38fc9
    timestamp: 2026-08-27T20:04:18.615Z
    cli_version: unknown
    generator_versions:
      fernapi/fern-ruby-sdk: 1.23.2
  - commit_sha: 845e422b613156fea9f3b31bce34b257fb30eff2
    tree_hash: 7454577440bcdce0b0f19407717deb408e70e16b
    timestamp: 2026-08-27T20:19:51.608Z
    cli_version: unknown
    generator_versions:
      fernapi/fern-ruby-sdk: 1.23.2
  - commit_sha: 9e2dbfe9b7efd2e7e09c3469c4ad8cce7c4e164d
    tree_hash: bf1538f1ef8746f4cd82eafbda5778950cd4c154
    timestamp: 2026-08-28T17:15:06.870Z
    cli_version: unknown
    generator_versions:
      fernapi/fern-ruby-sdk: 1.23.2
  - commit_sha: 5c8167f9fe10e191d1d7e61ecab172236099890b
    tree_hash: 7ae48e85c839bc4ecafb70df971864e4af249039
    timestamp: 2026-08-31T18:21:29.029Z
    cli_version: unknown
    generator_versions:
      fernapi/fern-ruby-sdk: 1.23.2
  - commit_sha: e35827f818e09251ceed98a45ee57ed012d15565
    tree_hash: 797840769175e503f975aec45d15321d6c420c05
    timestamp: 2026-09-03T00:25:02.131Z
    cli_version: unknown
    generator_versions:
      fernapi/fern-ruby-sdk: 1.23.2
  - commit_sha: 9b69797d8954c349cfd0819bd7a01db57a0f35c6
    tree_hash: bfbf04c2a2368c4951e25c0df6e8067430d0b5d3
    timestamp: 2026-09-03T02:35:22.971Z
    cli_version: unknown
    generator_versions:
      fernapi/fern-ruby-sdk: 1.23.2
  - commit_sha: 54f9c64a907607921fb065e559011e03bcc63888
    tree_hash: eaf2e329e279b32243e37654c2d9529075a79908
    timestamp: 2026-09-03T03:49:16.300Z
    cli_version: unknown
    generator_versions:
      fernapi/fern-ruby-sdk: 1.23.2
  - commit_sha: 36ef80297451f153db3a6ab08c2ef3d86e91b1bf
    tree_hash: dcb39659cccc8d65879fdb1dc2eca36580a116e3
    timestamp: 2026-09-03T06:10:57.437Z
    cli_version: unknown
    generator_versions:
      fernapi/fern-ruby-sdk: 1.23.2
  - commit_sha: 57b75f01f79c2a88226488c4be45c16bf3cce6e7
    tree_hash: d6c2595cd3dcab5de8e115df9628e7382eee18dc
    timestamp: 2026-09-08T20:02:50.741Z
    cli_version: unknown
    generator_versions:
      fernapi/fern-ruby-sdk: 1.23.2
  - commit_sha: fff73db79bc305416a35a29b620b15d15ab4bed8
    tree_hash: 0ab729bc6ff44a896ceb94b3535429529359780b
    timestamp: 2026-09-08T20:18:08.554Z
    cli_version: unknown
    generator_versions:
      fernapi/fern-ruby-sdk: 1.23.2
  - commit_sha: c3282e8d0d665f82d1f64edefad4310fb8a1431f
    tree_hash: 5dfae6bf976894555d187256b18e7af945be1fde
    timestamp: 2026-09-10T03:58:34.936Z
    cli_version: unknown
    generator_versions:
      fernapi/fern-ruby-sdk: 1.23.2
  - commit_sha: 69370eb571170dff76da8925866fffcdddc6aa3f
    tree_hash: 94ef8dca4d90f597cc9fb1bcf2cc60027b0f1976
    timestamp: 2026-09-10T04:46:30.129Z
    cli_version: unknown
    generator_versions:
      fernapi/fern-ruby-sdk: 1.23.2
  - commit_sha: 6bf578b4a624b0f27d57bcc066ab6d7f003b7bbf
    tree_hash: cc4a7d05812f5446e0a3ba3e1178b112586a2949
    timestamp: 2026-09-10T15:04:16.156Z
    cli_version: unknown
    generator_versions:
      fernapi/fern-ruby-sdk: 1.23.2
  - commit_sha: 62e678c02ab86654229763c1bf64f2b17898e915
    tree_hash: d0aa090037384ad283d0e87de976039a42197c39
    timestamp: 2026-09-10T17:24:31.396Z
    cli_version: unknown
    generator_versions:
      fernapi/fern-ruby-sdk: 1.23.2
  - commit_sha: b1ad8848a1667380ef8d761e56aa111dc4cc92b1
    tree_hash: 3170a700d114ef28793e17ef9af76314b77886fa
    timestamp: 2026-09-10T18:10:17.183Z
    cli_version: unknown
    generator_versions:
      fernapi/fern-ruby-sdk: 1.23.2
  - commit_sha: 9005097b20a557e6184ff322765bf99a2f5e6f4d
    tree_hash: b6ff77c8389bfa2b3679ea7f8e988497c6fa21d8
    timestamp: 2026-09-10T19:25:06.740Z
    cli_version: unknown
    generator_versions:
      fernapi/fern-ruby-sdk: 1.23.2
  - commit_sha: c591d8fce14b8e6f8d41a5d9c05533d130476ecc
    tree_hash: 5a4a2767c4cc801120cde3a57ff3f4f24985704e
    timestamp: 2026-09-10T21:17:51.585Z
    cli_version: unknown
    generator_versions:
      fernapi/fern-ruby-sdk: 1.23.2
  - commit_sha: b7ab270bd0ae4855eab9ccc047ca2a2a4fe4e651
    tree_hash: 93198293322e1921d70ffa07bcb4f03db7f13775
    timestamp: 2026-09-10T21:32:53.260Z
    cli_version: unknown
    generator_versions:
      fernapi/fern-ruby-sdk: 1.23.2
  - commit_sha: bcff059d4681a2b3c5a83b8207cb3f738c1e5efb
    tree_hash: 657113f8614db8ae70939cc35042c73e72f2bfa7
    timestamp: 2026-09-10T23:17:22.012Z
    cli_version: unknown
    generator_versions:
      fernapi/fern-ruby-sdk: 1.23.2
  - commit_sha: f95a8ff88d682afb3f3b74164062081d6c361067
    tree_hash: 1466912bdbdf2cf5e3c2d47ab67633c2fbd22944
    timestamp: 2026-09-10T23:44:33.127Z
    cli_version: unknown
    generator_versions:
      fernapi/fern-ruby-sdk: 1.23.2
  - commit_sha: 1fd5e20964ffe6fd9adc3058337d94ca608c489c
    tree_hash: 205d553aeb83a055fe50402a133bf51370477d74
    timestamp: 2026-09-10T23:59:15.675Z
    cli_version: unknown
    generator_versions:
      fernapi/fern-ruby-sdk: 1.23.2
  - commit_sha: db4acf1f50b1f2021bfb00f0d7fba0d9b8d8ee16
    tree_hash: c240ec89e6daddadde05d68be6eee0d656c20b40
    timestamp: 2026-09-11T00:14:18.134Z
    cli_version: unknown
    generator_versions:
      fernapi/fern-ruby-sdk: 1.23.2
  - commit_sha: 2dbd3ff425afd1e17d95267eb70e11e55258eb0d
    tree_hash: 1da66068d5b97e31525908f6f01cae808477dfb2
    timestamp: 2026-09-11T00:43:48.776Z
    cli_version: unknown
    generator_versions:
      fernapi/fern-ruby-sdk: 1.23.2
  - commit_sha: 7febb3b37defce5545db7a45a2e8fe27b9caff0c
    tree_hash: c31b2cc7b667b6385f8431a2a6686e6012b8fa5c
    timestamp: 2026-09-11T01:32:44.732Z
    cli_version: unknown
    generator_versions:
      fernapi/fern-ruby-sdk: 1.23.2
  - commit_sha: 9fe905d391ac1f430eec0ed4f62efd1f6d28ee2a
    tree_hash: d71fdf69912a8e3a3c8eb766dda8d8642a9412d1
    timestamp: 2026-09-11T02:00:45.066Z
    cli_version: unknown
    generator_versions:
      fernapi/fern-ruby-sdk: 1.23.2
  - commit_sha: 000dd377709269187cbbdd260b588cf0e4bdb8ba
    tree_hash: edc49dbe3365164672366b16b3ab28b69651d04f
    timestamp: 2026-09-11T03:39:27.633Z
    cli_version: unknown
    generator_versions:
      fernapi/fern-ruby-sdk: 1.23.2
  - commit_sha: b4ebba728484613f3f36d6dc613cb2d83788ce8c
    tree_hash: 492c9f033914184f84cf4a78d1e1752228b2d166
    timestamp: 2026-09-11T04:46:43.339Z
    cli_version: unknown
    generator_versions:
      fernapi/fern-ruby-sdk: 1.23.2
  - commit_sha: ed1ba1e1fecc38da292e0e1f77e99076d966f3cb
    tree_hash: 48392e62f725f4302bc094dae4b0268a0f556beb
    timestamp: 2026-09-11T05:01:36.530Z
    cli_version: unknown
    generator_versions:
      fernapi/fern-ruby-sdk: 1.23.2
  - commit_sha: 7feef08021ba7a842c7c445ee334bc9a53d84bc6
    tree_hash: 95fa567fbe4ae1a7fc76d931aad620ddbf245d4e
    timestamp: 2026-09-11T05:57:29.886Z
    cli_version: unknown
    generator_versions:
      fernapi/fern-ruby-sdk: 1.23.2
  - commit_sha: a7c92199c557496f956e37b1bf2c4e5db8354328
    tree_hash: c57dcc7d237eed30251653e8c15567e4aa7a467a
    timestamp: 2026-09-11T06:36:09.188Z
    cli_version: unknown
    generator_versions:
      fernapi/fern-ruby-sdk: 1.23.2
  - commit_sha: 489e2a0bd4666b01428fc0ba9894921e3e71986a
    tree_hash: 59d3bfe030d4366a3483fc11268c39bd1526a18f
    timestamp: 2026-09-11T16:27:03.034Z
    cli_version: unknown
    generator_versions:
      fernapi/fern-ruby-sdk: 1.23.2
  - commit_sha: 434cf99004ac1b60cf8046ec4795cc15acaae8e3
    tree_hash: a283c19ddd5e75ffdfeaa243f8711d8c398f52ab
    timestamp: 2026-09-11T17:34:51.126Z
    cli_version: unknown
    generator_versions:
      fernapi/fern-ruby-sdk: 1.23.2
  - commit_sha: 798ccf5c0e6af15e94418e49c14f1a98b7ec6e6b
    tree_hash: d530abba12ee31db2fd4262c7bfeffb884822f96
    timestamp: 2026-09-11T18:30:21.836Z
    cli_version: unknown
    generator_versions:
      fernapi/fern-ruby-sdk: 1.23.2
  - commit_sha: 9f43c9156dd37c9b295f452549baaeee03ac3fdd
    tree_hash: c50e8097c1dabf2f68036ff5cdf5edc791a2c6c3
    timestamp: 2026-09-11T18:55:47.683Z
    cli_version: unknown
    generator_versions:
      fernapi/fern-ruby-sdk: 1.23.2
  - commit_sha: 5dfad051c5bc4446d4e82ac01acac867eb5c7347
    tree_hash: 5bec88a942735399aa760d994432ee7b9e36c1e1
    timestamp: 2026-09-11T19:40:46.745Z
    cli_version: unknown
    generator_versions:
      fernapi/fern-ruby-sdk: 1.23.2
  - commit_sha: 45c0c743f35ce2293d9e73e9b3505bc1ada312b0
    tree_hash: 206856e2db5c6cb447bbfc9b8cc22f2c3404b72b
    timestamp: 2026-09-11T20:49:50.554Z
    cli_version: unknown
    generator_versions:
      fernapi/fern-ruby-sdk: 1.23.2
  - commit_sha: 453d25dd91c55478f55fd863081244462aa4d2a7
    tree_hash: d62def4162b034e35a106489fb20aba4b0081fa4
    timestamp: 2026-09-11T22:07:56.436Z
    cli_version: unknown
    generator_versions:
      fernapi/fern-ruby-sdk: 1.23.2
  - commit_sha: 5452d02e45b213596f6a95028a69a83e16f4cd31
    tree_hash: fd22089b9831cd99f55e14927372d54e4062dc8c
    timestamp: 2026-09-11T22:36:49.331Z
    cli_version: unknown
    generator_versions:
      fernapi/fern-ruby-sdk: 1.23.2
  - commit_sha: d345761bb2c62d007583ce89206529db94f96dba
    tree_hash: 55fd8864a5ff0302bb2e68449af9bfa68ed78e65
    timestamp: 2026-09-12T00:13:19.678Z
    cli_version: unknown
    generator_versions:
      fernapi/fern-ruby-sdk: 1.23.2
  - commit_sha: 74f9d0fc45b1418265e0cbaec8db0553eb0fb314
    tree_hash: 3fc4affd25959093e84be174d234123af5f1a960
    timestamp: 2026-09-12T00:29:03.682Z
    cli_version: unknown
    generator_versions:
      fernapi/fern-ruby-sdk: 1.23.2
  - commit_sha: a589d0030caaf8548eae073b954c746d6938c020
    tree_hash: 948a36a1469b17cc2a50bb2bfc8ad589b1f182b3
    timestamp: 2026-09-12T00:46:17.538Z
    cli_version: unknown
    generator_versions:
      fernapi/fern-ruby-sdk: 1.23.2
  - commit_sha: 81efd88d6002e9536bb1f0022b7c8f8cf2017818
    tree_hash: 9a5b149f9e9b777d207078a8419edeea8ccc4747
    timestamp: 2026-09-12T01:01:19.445Z
    cli_version: unknown
    generator_versions:
      fernapi/fern-ruby-sdk: 1.23.2
  - commit_sha: f37b1b5b8cb9a42dbfb36418044b0854822ce780
    tree_hash: eeb7574687e13f455577ff1433cd997bbb348bf1
    timestamp: 2026-09-12T01:52:48.955Z
    cli_version: unknown
    generator_versions:
      fernapi/fern-ruby-sdk: 1.23.2
  - commit_sha: 942f72aef5417bb67552e7b5c1aed7ba94fd0b1c
    tree_hash: dc12ecd393546ba4d2100460b1001dbecc66e8e5
    timestamp: 2026-09-12T04:22:39.135Z
    cli_version: unknown
    generator_versions:
      fernapi/fern-ruby-sdk: 1.23.2
  - commit_sha: 0b6b03d36484e795054ee0ac5f870415f7a07037
    tree_hash: 7764991ae3056208da0f2050110a88df574220a1
    timestamp: 2026-09-12T04:51:53.042Z
    cli_version: unknown
    generator_versions:
      fernapi/fern-ruby-sdk: 1.23.2
  - commit_sha: 85772036312af672eb9e4f2635737bd84c8e5029
    tree_hash: cd216a571620f186e03722c2d81b6c40c8ebd07d
    timestamp: 2026-09-12T08:03:05.485Z
    cli_version: unknown
    generator_versions:
      fernapi/fern-ruby-sdk: 1.23.2
  - commit_sha: 110a5f100646f2d84ea8c48e9546d7f5924a1f82
    tree_hash: a01423c3b7ba3696e71eeddfbfbcdbb5d8721ce4
    timestamp: 2026-09-12T23:37:09.370Z
    cli_version: unknown
    generator_versions:
      fernapi/fern-ruby-sdk: 1.23.2
  - commit_sha: 561f9c4e9c303ed686744aeff30c89be08cb3b8f
    tree_hash: a485bf859394d3eb05a6cba3bbce9607e9402932
    timestamp: 2026-09-13T01:57:18.932Z
    cli_version: unknown
    generator_versions:
      fernapi/fern-ruby-sdk: 1.23.2
  - commit_sha: 974d54bf832fef48c15cb9f978657a45ad5eeff4
    tree_hash: f80be1197e3dcbf53d80875c3a6b7c58cc82b3ff
    timestamp: 2026-09-13T03:28:08.066Z
    cli_version: unknown
    generator_versions:
      fernapi/fern-ruby-sdk: 1.23.2
  - commit_sha: 4fcba2c174a9c41b4325555e16950c4994fb37de
    tree_hash: 2fbdb7d98a7f744aece54642fe07e377d6a2f2ea
    timestamp: 2026-09-13T05:57:38.826Z
    cli_version: unknown
    generator_versions:
      fernapi/fern-ruby-sdk: 1.23.2
  - commit_sha: 6b867ffb1b654a08891a0c534e6dd6d8635bcb61
    tree_hash: 249a7ad8ef206115a408b0d6564b1c72038332a2
    timestamp: 2026-09-13T17:18:02.581Z
    cli_version: unknown
    generator_versions:
      fernapi/fern-ruby-sdk: 1.23.2
  - commit_sha: 240b4a42868daf3f75f400bad29c616f5792d9b8
    tree_hash: 9a45ea84c41e1e8fe933c6c0a03efba8594b6710
    timestamp: 2026-09-13T20:01:34.973Z
    cli_version: unknown
    generator_versions:
      fernapi/fern-ruby-sdk: 1.23.2
  - commit_sha: 5f927dc5b57f3090ca9a0119287657fd0cfc5b8d
    tree_hash: 156ec6dfd3c728ada49c94963addab249e1f215c
    timestamp: 2026-09-13T21:28:11.846Z
    cli_version: unknown
    generator_versions:
      fernapi/fern-ruby-sdk: 1.23.2
  - commit_sha: e25a46ae33afccfb99cab3dd35d45bc166cb6905
    tree_hash: 28a90fd0e143c4c1612febcc31be14526389d3af
    timestamp: 2026-09-14T04:38:59.076Z
    cli_version: unknown
    generator_versions:
      fernapi/fern-ruby-sdk: 1.23.2
  - commit_sha: 4053c8a416b54d229d235dd91a6aa0b4695f8db6
    tree_hash: 6b52ea84e92a51b13d359fe23ef091d5efd85017
    timestamp: 2026-09-14T13:44:03.725Z
    cli_version: unknown
    generator_versions:
      fernapi/fern-ruby-sdk: 1.23.2
  - commit_sha: 8cae1eadc37049143f0a76f06ad7fe08aba23c9e
    tree_hash: bfc85a1e4f4f60b9ebd10d407d3cb192f206ed2a
    timestamp: 2026-09-14T17:41:11.838Z
    cli_version: unknown
    generator_versions:
      fernapi/fern-ruby-sdk: 1.23.2
  - commit_sha: 769847c6708feda6a1836e190f4227b8f380aff6
    tree_hash: 5e01e977c17f0179984c490efba09a3b9993251c
    timestamp: 2026-09-14T17:57:37.772Z
    cli_version: unknown
    generator_versions:
      fernapi/fern-ruby-sdk: 1.23.2
  - commit_sha: 9c62687bbb865b2dd20afeef199e6617c0040399
    tree_hash: bca2f5f69293a35c2a8ec5cd1677ed96e5045516
    timestamp: 2026-09-14T18:57:25.183Z
    cli_version: unknown
    generator_versions:
      fernapi/fern-ruby-sdk: 1.23.2
  - commit_sha: 61ca2e78047a25a2c519540a8b3a4af00b8f2412
    tree_hash: 8ac77db0ac59d2c404c387f87f084adc0ea7cac7
    timestamp: 2026-09-14T22:59:19.077Z
    cli_version: unknown
    generator_versions:
      fernapi/fern-ruby-sdk: 1.23.2
  - commit_sha: 9c6eed152fb96692d108d3e2a8293c037bd2f957
    tree_hash: a805e57e7e5b6f191c983795ff13f405cf6f3740
    timestamp: 2026-09-14T23:30:52.166Z
    cli_version: unknown
    generator_versions:
      fernapi/fern-ruby-sdk: 1.23.2
  - commit_sha: 2ac61ffb6d981eb0d18bfe6ebf1daa61d5586ee3
    tree_hash: e372513c4834aed53299046a717bf7aa8748bdfb
    timestamp: 2026-09-14T23:45:51.655Z
    cli_version: unknown
    generator_versions:
      fernapi/fern-ruby-sdk: 1.23.2
  - commit_sha: 3639bc3cfedba903b3d7c0c4da1cf7ae97e110c9
    tree_hash: 146673baca7827dfb9326d386cb1a7a1279c1065
    timestamp: 2026-09-15T00:07:09.244Z
    cli_version: unknown
    generator_versions:
      fernapi/fern-ruby-sdk: 1.23.2
  - commit_sha: 90c92827d113456e937586c0723315df0584f8f9
    tree_hash: e06be19690c05581815949a2c53df419e8b3d969
    timestamp: 2026-09-15T00:37:18.587Z
    cli_version: unknown
    generator_versions:
      fernapi/fern-ruby-sdk: 1.23.2
  - commit_sha: ef4cd661b254433aa2559e75a0072fc45e5715c6
    tree_hash: 85e60df309f9403d4de08ee62f9aa4db35ba69ab
    timestamp: 2026-09-15T01:23:21.371Z
    cli_version: unknown
    generator_versions:
      fernapi/fern-ruby-sdk: 1.23.2
  - commit_sha: bfdca3ba1888c0bb99c6db0505a801ef237cd8dc
    tree_hash: 08444eb0a9235fe8edb0fd1be70a274a6d92fd35
    timestamp: 2026-09-15T01:38:54.355Z
    cli_version: unknown
    generator_versions:
      fernapi/fern-ruby-sdk: 1.23.2
  - commit_sha: fc84e43eed582f47cd8ee8e52962ad7042d535f2
    tree_hash: 6a7af48923d9cee80a5f18fb29715fe5ce905370
    timestamp: 2026-09-15T02:10:52.036Z
    cli_version: unknown
    generator_versions:
      fernapi/fern-ruby-sdk: 1.23.2
  - commit_sha: af499bc6eab1d74339cb24e06437cfa19ceadacc
    tree_hash: 71be5641ad8656d46cb031148d48b90c5cf3b987
    timestamp: 2026-09-15T04:39:58.344Z
    cli_version: unknown
    generator_versions:
      fernapi/fern-ruby-sdk: 1.23.2
  - commit_sha: 9d2a91c2094c104403c623205790bd29b2a654eb
    tree_hash: 6777a1ff7bb9a6690dd4a950344690f97121354a
    timestamp: 2026-09-15T08:56:30.536Z
    cli_version: unknown
    generator_versions:
      fernapi/fern-ruby-sdk: 1.23.2
  - commit_sha: abe98acf9d7aa668ab2d8f6fc6bf42d6e472bee2
    tree_hash: f75553bc5dca3e3a3a4899f0f95cd0ffbb1f6f5f
    timestamp: 2026-09-15T20:23:22.150Z
    cli_version: unknown
    generator_versions:
      fernapi/fern-ruby-sdk: 1.23.2
  - commit_sha: cead7c5e3202cd4cf3be1b94fce890c5fcce5765
    tree_hash: 4ad1e84cf7db531305ba42a8718d3565b69462b1
    timestamp: 2026-09-15T22:29:30.648Z
    cli_version: unknown
    generator_versions:
      fernapi/fern-ruby-sdk: 1.23.2
  - commit_sha: 041b14cf52f34f872ac46633602c1bb475c9b5fa
    tree_hash: 0e65475370766e7ddd6e70be419195a40e487c95
    timestamp: 2026-09-15T22:44:39.049Z
    cli_version: unknown
    generator_versions:
      fernapi/fern-ruby-sdk: 1.23.2
  - commit_sha: 4d4a1adbd5c51be1e0e7372e1092de97dea946bd
    tree_hash: ac778abe8fe17a7f00bfbfae45b26db5f5ef02c0
    timestamp: 2026-09-15T23:39:07.576Z
    cli_version: unknown
    generator_versions:
      fernapi/fern-ruby-sdk: 1.23.2
  - commit_sha: 0bd43abb9a75bf409bf848340bdf5a0714b43690
    tree_hash: 56a2ffcc1f50feb1f926085809bc6f7f58a8105f
    timestamp: 2026-09-16T00:16:56.433Z
    cli_version: unknown
    generator_versions:
      fernapi/fern-ruby-sdk: 1.23.2
  - commit_sha: 078fa6565d9f73127366111b15bfccfbd6b5faae
    tree_hash: a0ac6c914b8bc436a6c4a2733a871bd3da62ef5a
    timestamp: 2026-09-16T02:14:39.378Z
    cli_version: unknown
    generator_versions:
      fernapi/fern-ruby-sdk: 1.23.2
  - commit_sha: 9f2b5df4b489cc07d8d0e32c96b413be2eb8e627
    tree_hash: 4ef016afd41f908a681305f2b58ca6b108084b89
    timestamp: 2026-09-16T03:28:36.991Z
    cli_version: unknown
    generator_versions:
      fernapi/fern-ruby-sdk: 1.23.2
  - commit_sha: 3e33b757a96153fd6d1d0e6ccb4e7a8a27e0b5cc
    tree_hash: df314769a2611d9622155926738afd75bcc088c4
    timestamp: 2026-09-16T06:45:27.236Z
    cli_version: unknown
    generator_versions:
      fernapi/fern-ruby-sdk: 1.23.2
  - commit_sha: cf08475fcfdf9afc03c9093ea4217adf56535d3d
    tree_hash: 98ee6a078c0bdd5c90a457586b681d3c8a005fe7
    timestamp: 2026-09-16T09:13:21.436Z
    cli_version: unknown
    generator_versions:
      fernapi/fern-ruby-sdk: 1.23.2
  - commit_sha: 775ef9c7095f9b4fe1ed5b477e5780692bea25d9
    tree_hash: c2ddb9862adbaa62f46e267e66b728bf1f26ad2c
    timestamp: 2026-09-16T16:10:11.583Z
    cli_version: unknown
    generator_versions:
      fernapi/fern-ruby-sdk: 1.23.2
  - commit_sha: 007db13738c0dc96384c427b1ae6d79fb3d922dc
    tree_hash: daa9dd164355be3a28f2ac0e9ee39e8cea45a0ad
    timestamp: 2026-09-16T16:50:29.072Z
    cli_version: unknown
    generator_versions:
      fernapi/fern-ruby-sdk: 1.23.2
  - commit_sha: 79b5ef6e5bcfa4393e7276c8ff51870eeb2b7904
    tree_hash: 0538f7c98cdd67067dd2d025a81fe20f057e42a8
    timestamp: 2026-09-16T17:06:12.745Z
    cli_version: unknown
    generator_versions:
      fernapi/fern-ruby-sdk: 1.23.2
  - commit_sha: f31dd15e17ffc31ca4833bcf41e61d7d55c3fd22
    tree_hash: 203190b9ce1df6a0db9fe21043f6359aa07f0868
    timestamp: 2026-09-16T18:01:07.359Z
    cli_version: unknown
    generator_versions:
      fernapi/fern-ruby-sdk: 1.23.2
  - commit_sha: e0be3619ae865e1aaea2963cf1c60b4acc24bd9c
    tree_hash: 8b9ba96bf1e10990b3a3e8882552b3970e2bc752
    timestamp: 2026-09-16T18:22:50.840Z
    cli_version: unknown
    generator_versions:
      fernapi/fern-ruby-sdk: 1.23.2
  - commit_sha: 46298566d1a6a642deb6d53e8632795d71dcba7f
    tree_hash: 92b108f02ac25156bf3c15700d5831cb31068e31
    timestamp: 2026-09-16T20:58:27.548Z
    cli_version: unknown
    generator_versions:
      fernapi/fern-ruby-sdk: 1.23.2
  - commit_sha: 8e01a6c6b089f59dd037f2d68f7fd7710153246a
    tree_hash: b38957683dc5ada0ca646e84df3a517d9fb5dbb4
    timestamp: 2026-09-16T21:13:59.088Z
    cli_version: unknown
    generator_versions:
      fernapi/fern-ruby-sdk: 1.23.2
  - commit_sha: 7e321ef350d19f7b2eb5ec28648d96199d0c780f
    tree_hash: c939a79a5033e5ad5ea0835d29cb64058d425f1d
    timestamp: 2026-09-16T21:29:49.533Z
    cli_version: unknown
    generator_versions:
      fernapi/fern-ruby-sdk: 1.23.2
  - commit_sha: af85130dc99cc85f5d49ad79fbf5f5b56850434c
    tree_hash: a65f05c24d03c423da78a872e6253a4542fc74b0
    timestamp: 2026-09-16T22:07:53.141Z
    cli_version: unknown
    generator_versions:
      fernapi/fern-ruby-sdk: 1.23.2
  - commit_sha: 8c4844e7c633136dea656a6ea4f2a3fccc3e199b
    tree_hash: 69056626467d079fd889711c8c51b206d9f6e312
    timestamp: 2026-09-16T22:23:34.933Z
    cli_version: unknown
    generator_versions:
      fernapi/fern-ruby-sdk: 1.23.2
  - commit_sha: 2b40ffbbc7c62ed6c86f9d8283ef4f0be7d61615
    tree_hash: 17f248fc1d30552f0d32b593e1e8fa8d1090d41c
    timestamp: 2026-09-17T00:33:59.275Z
    cli_version: unknown
    generator_versions:
      fernapi/fern-ruby-sdk: 1.23.2
  - commit_sha: 479aef1546cfae5d2dec31d9604fc026b223191d
    tree_hash: 8014ef92c927503ee67914a48797e1cd7b56e825
    timestamp: 2026-09-17T00:51:14.070Z
    cli_version: unknown
    generator_versions:
      fernapi/fern-ruby-sdk: 1.23.2
  - commit_sha: 1c5babf5040af62f189ffcb690578d8d935595cb
    tree_hash: ad28626e38fba3629aa673e344efe3969fac3f9e
    timestamp: 2026-09-17T01:06:51.540Z
    cli_version: unknown
    generator_versions:
      fernapi/fern-ruby-sdk: 1.23.2
  - commit_sha: f80b3f44d5b7977c16a853d070f6ccf9c7f9fe70
    tree_hash: 676e5d98fe71fa599569377f9fe97bd0164ed8a0
    timestamp: 2026-09-17T01:25:15.435Z
    cli_version: unknown
    generator_versions:
      fernapi/fern-ruby-sdk: 1.23.2
  - commit_sha: 48748839427cafdf2c622e32c50bed4cf7be92b6
    tree_hash: 27dd8899467bac528a73aa9add0f0f4888ad16ed
    timestamp: 2026-09-17T05:42:31.329Z
    cli_version: unknown
    generator_versions:
      fernapi/fern-ruby-sdk: 1.23.2
  - commit_sha: 40335a59c8bffd7aa50d3f9b2e272de61880515b
    tree_hash: 3655c223bfa7746f5e47429db8f98b1d6c4d114e
    timestamp: 2026-09-17T17:11:53.792Z
    cli_version: unknown
    generator_versions:
      fernapi/fern-ruby-sdk: 1.23.2
  - commit_sha: 62bac0e02f01be16508e47506363a4bc50d1a874
    tree_hash: bc62e6ab5ff0f8943db514ee1507eda01492f3c5
    timestamp: 2026-09-17T17:52:35.794Z
    cli_version: unknown
    generator_versions:
      fernapi/fern-ruby-sdk: 1.23.2
  - commit_sha: 22a93855957bf302d9f24e6cd2436a22a0c606dc
    tree_hash: 177bd3ebfa09930044f90daf3b3a55d2c3ad7e67
    timestamp: 2026-09-17T18:45:11.456Z
    cli_version: unknown
    generator_versions:
      fernapi/fern-ruby-sdk: 1.23.2
  - commit_sha: c079227bb2670df04e1587f9efc24c4ab44ec615
    tree_hash: 05ea192169f6c3add5a4792633130021cf210053
    timestamp: 2026-09-17T19:31:42.442Z
    cli_version: unknown
    generator_versions:
      fernapi/fern-ruby-sdk: 1.23.2
  - commit_sha: 9f16ce92d0dda275da0706bc94234f149d9c0f1e
    tree_hash: 3bceaf5d13481a3b0963b2931802f46f804f0da5
    timestamp: 2026-09-17T20:07:15.340Z
    cli_version: unknown
    generator_versions:
      fernapi/fern-ruby-sdk: 1.23.2
  - commit_sha: b85be514ee907353c50dcab2b522121bba504dc8
    tree_hash: 1a465073b6ee60e3d971d6f6480741ca322b22b9
    timestamp: 2026-09-17T20:23:45.224Z
    cli_version: unknown
    generator_versions:
      fernapi/fern-ruby-sdk: 1.23.2
  - commit_sha: 0bf3d7fb9895a1afc573789156d8e8711196c3f8
    tree_hash: 81304e5428440eaf54d02150a6dfa8e4f0834130
    timestamp: 2026-09-17T20:47:45.445Z
    cli_version: unknown
    generator_versions:
      fernapi/fern-ruby-sdk: 1.23.2
  - commit_sha: 19fcc84264030842ea5dd59529dbc6eeb98be593
    tree_hash: 0c0c6df919862738e036f5365fab570e1f6cc7c5
    timestamp: 2026-09-17T21:14:48.491Z
    cli_version: unknown
    generator_versions:
      fernapi/fern-ruby-sdk: 1.23.2
  - commit_sha: 60532422f64d0b4e96cd5a7287b872512643f738
    tree_hash: e450e6bd7dbe757c5b4abd79a69a55bf405c8241
    timestamp: 2026-09-18T00:05:15.377Z
    cli_version: unknown
    generator_versions:
      fernapi/fern-ruby-sdk: 1.23.2
  - commit_sha: e9d5f9c19b33345a5fe4605fac7f45ecaa60d36a
    tree_hash: 9664a1f64ab64779f43e7816feb3477d8cdb00a9
    timestamp: 2026-09-18T00:41:51.347Z
    cli_version: unknown
    generator_versions:
      fernapi/fern-ruby-sdk: 1.23.2
  - commit_sha: 38ad8c64b87d9d50ad892dcd1707e3c5f5a1acb7
    tree_hash: e7c9d4ebe734f18f5a5c25eb6ac7c9d9e0fff2d6
    timestamp: 2026-09-18T01:37:16.084Z
    cli_version: unknown
    generator_versions:
      fernapi/fern-ruby-sdk: 1.23.2
  - commit_sha: 5500ff308375147c235ab49c02f6806950d21bb3
    tree_hash: fc6d206ae70b7809d007968f9499bc38d6254eae
    timestamp: 2026-09-18T04:19:20.055Z
    cli_version: unknown
    generator_versions:
      fernapi/fern-ruby-sdk: 1.23.2
  - commit_sha: 2152e009f4929b725378ad7b6023bf398c5accde
    tree_hash: be5386d1179123b119770bad55b29dbc28da38c2
    timestamp: 2026-09-18T05:15:50.441Z
    cli_version: unknown
    generator_versions:
      fernapi/fern-ruby-sdk: 1.23.2
  - commit_sha: 8556209d7f1207a0e9013a286f16bcd0f19ad648
    tree_hash: ec7915f0b6349a785a69b5f6bea0a70761934bbc
    timestamp: 2026-09-18T10:54:08.655Z
    cli_version: unknown
    generator_versions:
      fernapi/fern-ruby-sdk: 1.23.2
  - commit_sha: f966b4fbdbedb87b07f9463204d8e043530fd83c
    tree_hash: 91a532e888360fbfcd15fbf6a0fb08a8e10d7f38
    timestamp: 2026-09-18T17:52:38.344Z
    cli_version: unknown
    generator_versions:
      fernapi/fern-ruby-sdk: 1.23.2
  - commit_sha: d352ab8b30925185f61b0c31468ae22049dc3ed8
    tree_hash: c25d2066b99792e0b4b7b678139fc95ddefba03d
    timestamp: 2026-09-18T18:21:01.842Z
    cli_version: unknown
    generator_versions:
      fernapi/fern-ruby-sdk: 1.23.2
  - commit_sha: 7e819a3255cc895c387dc6a6f7b2369222c89790
    tree_hash: 853dcd1626e9f875b03b898ea0f232e04e9453e6
    timestamp: 2026-09-18T18:38:38.252Z
    cli_version: unknown
    generator_versions:
      fernapi/fern-ruby-sdk: 1.23.2
  - commit_sha: fb89869faf20111b6f90af5075a6f640adf44107
    tree_hash: 839ca8358db64c7b56650083002d8ab8514af477
    timestamp: 2026-09-18T20:56:03.659Z
    cli_version: unknown
    generator_versions:
      fernapi/fern-ruby-sdk: 1.23.2
  - commit_sha: 92489d61b3966ce65aee002e63de4f4f0cf83ff0
    tree_hash: 378a8f5108cf557fac76d1b04f078c1143ce49f0
    timestamp: 2026-09-18T23:04:35.576Z
    cli_version: unknown
    generator_versions:
      fernapi/fern-ruby-sdk: 1.23.2
  - commit_sha: 24435cbeb0e64fb459271d2686c6a4e5c300b577
    tree_hash: c1057c76950f90ded7d16aada4f91655bd1e50dd
    timestamp: 2026-09-19T01:28:07.037Z
    cli_version: unknown
    generator_versions:
      fernapi/fern-ruby-sdk: 1.23.2
  - commit_sha: e48aa2d1635fa1ec2f6b566f5fd32d93e6f32ee9
    tree_hash: c73c0b211318d42a9ec59ee162293f964c392c09
    timestamp: 2026-09-19T02:27:14.578Z
    cli_version: unknown
    generator_versions:
      fernapi/fern-ruby-sdk: 1.23.2
  - commit_sha: bc9dceef6f58102653af3ca4224542fe0beaad97
    tree_hash: 70e6be4737437e8808f7f18d8f73fef78820009a
    timestamp: 2026-09-19T21:27:37.937Z
    cli_version: unknown
    generator_versions:
      fernapi/fern-ruby-sdk: 1.23.2
  - commit_sha: 89cee701172548c170812d0faa4e443cd2163c27
    tree_hash: 25b1aaa50e53dc4ccbde0ce993328de5483d55f6
    timestamp: 2026-09-21T00:32:38.874Z
    cli_version: unknown
    generator_versions:
      fernapi/fern-ruby-sdk: 1.23.2
  - commit_sha: 0ce68d4051b14dbdbb7c3dffff40c0d305781454
    tree_hash: 637465659ee786536d0436b04f38b41fbc4a2c61
    timestamp: 2026-09-21T08:07:34.303Z
    cli_version: unknown
    generator_versions:
      fernapi/fern-ruby-sdk: 1.23.2
  - commit_sha: a8858a2c7b8f9f98a455a0575119c1a06d6e65ac
    tree_hash: fb0e8a1a6d1b8d4cafec9056aa0a0ac1bb9e584f
    timestamp: 2026-09-21T09:39:08.821Z
    cli_version: unknown
    generator_versions:
      fernapi/fern-ruby-sdk: 1.23.2
  - commit_sha: e2e15e0de8b2378404c5cc8e08e56a52b76fb0c4
    tree_hash: 6a70f1acfb72e4a42ed069f235682ced80af1490
    timestamp: 2026-09-21T17:13:32.297Z
    cli_version: unknown
    generator_versions:
      fernapi/fern-ruby-sdk: 1.23.2
  - commit_sha: 64f255874f7ad167919067a1d2ffea81e215fa88
    tree_hash: ec6c42d27d985c2ff0d0b0844631e9355543ad74
    timestamp: 2026-09-21T18:07:48.897Z
    cli_version: unknown
    generator_versions:
      fernapi/fern-ruby-sdk: 1.23.2
  - commit_sha: 0a934988f78383298708370a0e81fb221a7c633c
    tree_hash: 52259726ed2dee5bb2bb1711050b695d76be33d8
    timestamp: 2026-09-21T18:26:54.716Z
    cli_version: unknown
    generator_versions:
      fernapi/fern-ruby-sdk: 1.23.2
  - commit_sha: fc065ee5a8e433a7554501cd5f74e1ab727726a6
    tree_hash: dc1ca4431b5ec037d949f60ef95bb6e108eb965e
    timestamp: 2026-09-21T19:27:19.177Z
    cli_version: unknown
    generator_versions:
      fernapi/fern-ruby-sdk: 1.23.2
  - commit_sha: 6fde4e142d15c60c614ca938ad531168e1a4d008
    tree_hash: ccf0053d60e1cf2111d0deb6d7eef8b137b498ca
    timestamp: 2026-09-21T19:44:24.872Z
    cli_version: unknown
    generator_versions:
      fernapi/fern-ruby-sdk: 1.23.2
  - commit_sha: fc7a7302f700a28b3f69cb06f748685a115fc6cb
    tree_hash: c615f2e8abe0580470914850e2fa4e32f1ed5dc1
    timestamp: 2026-09-21T21:23:54.805Z
    cli_version: unknown
    generator_versions:
      fernapi/fern-ruby-sdk: 1.23.2
  - commit_sha: a73e4e9edbf4a937c8b0af28e3f9169911fc42bd
    tree_hash: a46d20147bf9ca1c1973fa57f5cb2b3163685623
    timestamp: 2026-09-21T22:45:21.081Z
    cli_version: unknown
    generator_versions:
      fernapi/fern-ruby-sdk: 1.23.2
  - commit_sha: 0ff85ed7f5bf414842d4d809d081151b3fd23c21
    tree_hash: 6da6e2604cf219537c1064e90551d136fe1c5a6a
    timestamp: 2026-09-21T23:17:45.907Z
    cli_version: unknown
    generator_versions:
      fernapi/fern-ruby-sdk: 1.23.2
  - commit_sha: 7d8e187950d5fc22c4c5f4fe9230448892458621
    tree_hash: f01ff4d5d187252a173a0a3a7d1ea20451e722df
    timestamp: 2026-09-22T00:04:17.591Z
    cli_version: unknown
    generator_versions:
      fernapi/fern-ruby-sdk: 1.23.2
  - commit_sha: 9a349fdcea143c9b8614390b5adb7644e93a87d2
    tree_hash: 10821e6492b7b545693f8cd2ddb87078784bb380
    timestamp: 2026-09-22T00:20:08.718Z
    cli_version: unknown
    generator_versions:
      fernapi/fern-ruby-sdk: 1.23.2
  - commit_sha: 621f5955dd6d0b3176130406327811cb75da768f
    tree_hash: 165c4bee12561acaf8c82affbba268d62ce4f962
    timestamp: 2026-09-22T00:30:00.528Z
    cli_version: unknown
    generator_versions:
      fernapi/fern-ruby-sdk: 1.23.2
  - commit_sha: 03595796252be8da81d003eb96a02ea00ee6fbb8
    tree_hash: baff86c33dc64c2dfb459dfa0ce35129076e170e
    timestamp: 2026-09-22T02:38:42.834Z
    cli_version: unknown
    generator_versions:
      fernapi/fern-ruby-sdk: 1.23.2
  - commit_sha: b1fd98755f990eb277e5de8482fe4369e6b55f8f
    tree_hash: 92c2f63e1e5a19590ef2a9b6f3d2654b153a4325
    timestamp: 2026-09-22T03:41:16.295Z
    cli_version: unknown
    generator_versions:
      fernapi/fern-ruby-sdk: 1.23.2
  - commit_sha: e7e956d8910f1fcd92aa063174c7fa86dc0a70a4
    tree_hash: 34209eacf06a79204d13188ce6461e9f924f9832
    timestamp: 2026-09-22T03:50:59.356Z
    cli_version: unknown
    generator_versions:
      fernapi/fern-ruby-sdk: 1.23.2
  - commit_sha: 8e0e478f82690c6e987aa40469b91d6d7853f2c1
    tree_hash: 16c8f1e0e85b35167ef0f855784ff27cd68448c8
    timestamp: 2026-09-22T06:54:34.315Z
    cli_version: unknown
    generator_versions:
      fernapi/fern-ruby-sdk: 1.23.2
  - commit_sha: f2b41d5d6864c1e00539c6136eb68be0f610f2b8
    tree_hash: aef790401e0ae35df0c18766a2bf12dc2c4b24db
    timestamp: 2026-09-22T16:49:24.392Z
    cli_version: unknown
    generator_versions:
      fernapi/fern-ruby-sdk: 1.23.2
  - commit_sha: e5ea17ce78a817d1f9f2d25d3a68b499b94c6d45
    tree_hash: 42879c7a7a006b56782d0334b6244847d0ed7297
    timestamp: 2026-09-22T17:49:16.455Z
    cli_version: unknown
    generator_versions:
      fernapi/fern-ruby-sdk: 1.23.2
  - commit_sha: 79d2c8fa63a785543933da340d6c210520dd6e74
    tree_hash: 0e6566d5323fdb0c9237433b9c45a6af5e0c6345
    timestamp: 2026-09-22T17:59:21.000Z
    cli_version: unknown
    generator_versions:
      fernapi/fern-ruby-sdk: 1.23.2
  - commit_sha: bc2635bd558969908b84dcbbd8750d32f9279341
    tree_hash: f446d8c7af38457c930c574f5f13f9f338eccf5c
    timestamp: 2026-09-22T18:08:45.209Z
    cli_version: unknown
    generator_versions:
      fernapi/fern-ruby-sdk: 1.23.2
  - commit_sha: fb445e91fbfe6e8ae94e4d544625d111872bbe1e
    tree_hash: 06a8684ff709a1fb31b79d1ef8d7a4d4715888a0
    timestamp: 2026-09-22T18:19:04.201Z
    cli_version: unknown
    generator_versions:
      fernapi/fern-ruby-sdk: 1.23.2
  - commit_sha: ee929c059750f9117bc5c01d4339971ea0f603f5
    tree_hash: 3ba3a03e35e1aa2643c79dd522f3e7b612ecb87e
    timestamp: 2026-09-22T18:38:40.087Z
    cli_version: unknown
    generator_versions:
      fernapi/fern-ruby-sdk: 1.23.2
  - commit_sha: e4f6115071369e51e0a9e388e51f3c188328479f
    tree_hash: f0a4ef9a78104a32923c0e8fff154ec2e09fd49c
    timestamp: 2026-09-22T19:47:23.659Z
    cli_version: unknown
    generator_versions:
      fernapi/fern-ruby-sdk: 1.23.2
  - commit_sha: c2c2350fe99e85f3e977ffa6f1dc63f46daed084
    tree_hash: dd1725b77b4aa85144faa9a7ebda6b7f3ad4cfed
    timestamp: 2026-09-22T20:51:16.799Z
    cli_version: unknown
    generator_versions:
      fernapi/fern-ruby-sdk: 1.23.2
  - commit_sha: 08909bccec312bbac039935cd4992502981b5fa9
    tree_hash: bd706913e39aa8a0358db68182f8d0b606bccad4
    timestamp: 2026-09-22T21:30:34.331Z
    cli_version: unknown
    generator_versions:
      fernapi/fern-ruby-sdk: 1.23.2
  - commit_sha: 971e98cb4b799c9dfbf060e800b40cff6544de81
    tree_hash: 502c5077fc0fb4b45a9209951f1848c0925beb9b
    timestamp: 2026-09-22T21:40:31.752Z
    cli_version: unknown
    generator_versions:
      fernapi/fern-ruby-sdk: 1.23.2
  - commit_sha: 65083114326f73e6ca46d7d1e9524b2ccafe07c3
    tree_hash: 961110bd167e26a1539c3350db01b5e2ae28641c
    timestamp: 2026-09-22T21:50:18.943Z
    cli_version: unknown
    generator_versions:
      fernapi/fern-ruby-sdk: 1.23.2
  - commit_sha: 2fe1ffb2eecef279c42d152c27ff1f973eb4f153
    tree_hash: e09b85c93af6c87f6639997be26f5bebe9e64be5
    timestamp: 2026-09-22T22:10:45.445Z
    cli_version: unknown
    generator_versions:
      fernapi/fern-ruby-sdk: 1.23.2
  - commit_sha: 98085f30d55f422300ddb1fe79a8832516113e70
    tree_hash: 5a8644d30ca95cd64f5073adf2d9fa515ee2e26a
    timestamp: 2026-09-22T22:54:36.420Z
    cli_version: unknown
    generator_versions:
      fernapi/fern-ruby-sdk: 1.23.2
  - commit_sha: 2a1afc82291cb49ac625e58c48a9bfdf9f19d460
    tree_hash: 0fd1261e9797d053165ff11d8ea6bb49de268984
    timestamp: 2026-09-22T23:29:56.368Z
    cli_version: unknown
    generator_versions:
      fernapi/fern-ruby-sdk: 1.23.2
  - commit_sha: ae73c5ef846d37608ec1268f482fe6ab0bfeb6f7
    tree_hash: 07b7dd5c6127b4579d5d3a1d64e68f135d34a5da
    timestamp: 2026-09-22T23:43:44.932Z
    cli_version: unknown
    generator_versions:
      fernapi/fern-ruby-sdk: 1.23.2
  - commit_sha: 32527a466294a2614edf7cd606c497b46cad463b
    tree_hash: 325508ff29809a04acf5e9904e229f2db630aa19
    timestamp: 2026-09-23T00:39:31.762Z
    cli_version: unknown
    generator_versions:
      fernapi/fern-ruby-sdk: 1.23.2
  - commit_sha: ecda45eda89f0d04b3d948bffe7cebc7be2baf36
    tree_hash: 48d5b6c959ceb87a7cb1a61300674c8f890e9d05
    timestamp: 2026-09-23T01:37:30.468Z
    cli_version: unknown
    generator_versions:
      fernapi/fern-ruby-sdk: 1.23.2
  - commit_sha: 0966cfc8a0c3ef14ca8f4d40c4cb7c2c0c1ed177
    tree_hash: aa8010d149c77c46b419988e0f76776efad206d8
    timestamp: 2026-09-23T01:47:44.220Z
    cli_version: unknown
    generator_versions:
      fernapi/fern-ruby-sdk: 1.23.2
  - commit_sha: 807073802f913e9a916bc54b776c253476d5e0df
    tree_hash: b98eb53c27f01d2282c3b01cb3e64e9836d18366
    timestamp: 2026-09-23T04:08:53.048Z
    cli_version: unknown
    generator_versions:
      fernapi/fern-ruby-sdk: 1.23.2
  - commit_sha: 4927abe36e918d56daaba0e4d52d6bde48ec41cb
    tree_hash: d2b378b91cc11b73eb0477ea1e99d432df43aca2
    timestamp: 2026-09-23T05:19:36.903Z
    cli_version: unknown
    generator_versions:
      fernapi/fern-ruby-sdk: 1.23.2
  - commit_sha: 2f45cd31011c3dccabab2624277ef0ca00eb18bc
    tree_hash: cbe1953e5794a8474620470843aa4c721c242a17
    timestamp: 2026-09-23T05:29:45.740Z
    cli_version: unknown
    generator_versions:
      fernapi/fern-ruby-sdk: 1.23.2
  - commit_sha: 22673923d809e6bde630d33a69cff4c67d00f1d4
    tree_hash: 28b26908f5949a599543ede89cad428c0901f434
    timestamp: 2026-09-23T06:51:59.138Z
    cli_version: unknown
    generator_versions:
      fernapi/fern-ruby-sdk: 1.23.2
  - commit_sha: f79b73880a5e571c9f2bfcd63cef0a3fb19af7d2
    tree_hash: 849f6e144cddc071adb2c08a1e52a14d31e825d5
    timestamp: 2026-09-23T07:01:23.323Z
    cli_version: unknown
    generator_versions:
      fernapi/fern-ruby-sdk: 1.23.2
  - commit_sha: ad06b7734891c2dc19b86262af75f811012c1687
    tree_hash: be11ad9fda565199efaf613c16c2876f8fece29d
    timestamp: 2026-09-23T08:00:02.434Z
    cli_version: unknown
    generator_versions:
      fernapi/fern-ruby-sdk: 1.23.2
  - commit_sha: 47236f9fc0de0ab9796bb6e10abe00d6cb1ca76e
    tree_hash: 0307554f83eebd2d6e0ba65221d015f235363431
    timestamp: 2026-09-23T17:11:49.734Z
    cli_version: unknown
    generator_versions:
      fernapi/fern-ruby-sdk: 1.23.2
  - commit_sha: cf87498f486ae87bc89c76da71b2c3ed10022b12
    tree_hash: adb1ca4d0d61bd5a75163ca700274f0e462b982b
    timestamp: 2026-09-23T18:08:16.474Z
    cli_version: unknown
    generator_versions:
      fernapi/fern-ruby-sdk: 1.23.2
  - commit_sha: 12550dde256c415debc81735fd6c8cc007060f81
    tree_hash: f49f4154ae27c0efc5b3e6aad43b7cae821b92a7
    timestamp: 2026-09-23T18:36:20.200Z
    cli_version: unknown
    generator_versions:
      fernapi/fern-ruby-sdk: 1.23.2
  - commit_sha: 6479ea3b2d0ddb74189e28191f1a2e32536cde90
    tree_hash: 9fd4bf0bdbc6696da772201192bbfdd116a8db26
    timestamp: 2026-09-23T19:02:25.099Z
    cli_version: unknown
    generator_versions:
      fernapi/fern-ruby-sdk: 1.23.2
  - commit_sha: 606ffea087f4791e5ec6fb3a2353d25593b65960
    tree_hash: e6c2c41d3a1107d333d5287a8003bf466a42190c
    timestamp: 2026-09-23T19:44:59.512Z
    cli_version: unknown
    generator_versions:
      fernapi/fern-ruby-sdk: 1.23.2
  - commit_sha: 67ba82688308d5968fabac464479a2e4fc8bb6c5
    tree_hash: 4bbd996d62a09d3cad1fe3743738523081906bb3
    timestamp: 2026-09-23T20:12:27.282Z
    cli_version: unknown
    generator_versions:
      fernapi/fern-ruby-sdk: 1.23.2
  - commit_sha: f6fb78471ce56b5160416778f64908d12b330770
    tree_hash: 92f3d56c561f7c9f1c3e96e94f9c345a13cd0d7c
    timestamp: 2026-09-23T22:00:35.921Z
    cli_version: unknown
    generator_versions:
      fernapi/fern-ruby-sdk: 1.23.2
  - commit_sha: 08ca5108b7baf61946ef596d835fd24b161781de
    tree_hash: f4e6fde27df7eb87c66b7facc4cf0d9ebdd4adcb
    timestamp: 2026-09-23T22:11:36.488Z
    cli_version: unknown
    generator_versions:
      fernapi/fern-ruby-sdk: 1.23.2
  - commit_sha: a307dc7ad8fc172df7f68c1e3465a8ee41cc6f47
    tree_hash: d2f3049ff426a87416fada01f57b2620ea0ffe96
    timestamp: 2026-09-23T23:22:42.926Z
    cli_version: unknown
    generator_versions:
      fernapi/fern-ruby-sdk: 1.23.2
  - commit_sha: 3f8807a666676c90ff377978472c561899df8677
    tree_hash: 2326e30454702e0230206612576ee89c79ac9366
    timestamp: 2026-09-23T23:32:29.229Z
    cli_version: unknown
    generator_versions:
      fernapi/fern-ruby-sdk: 1.23.2
  - commit_sha: 4fefa63e882d4284f6b895a5c519234e5adb03ea
    tree_hash: 1e176eddaeba04499c4e377714a90bec7c724866
    timestamp: 2026-09-23T23:42:43.181Z
    cli_version: unknown
    generator_versions:
      fernapi/fern-ruby-sdk: 1.23.2
  - commit_sha: 297db059510435214f57d4af6b08226ae9e8d75f
    tree_hash: 3d1d2a4abc57da4817a7e5c516784fcfc2284334
    timestamp: 2026-09-24T00:05:09.960Z
    cli_version: unknown
    generator_versions:
      fernapi/fern-ruby-sdk: 1.23.2
  - commit_sha: e623f107b37bb07ea56b48509a52d9683ce6a346
    tree_hash: f36ed725f9fd207bb840141aa9e1789aeb938de2
    timestamp: 2026-09-24T01:48:27.557Z
    cli_version: unknown
    generator_versions:
      fernapi/fern-ruby-sdk: 1.23.2
current_generation: e623f107b37bb07ea56b48509a52d9683ce6a346
patches: []
