# DO NOT EDIT MANUALLY - Managed by Fern Replay
version: "1.0"
generations:
  - commit_sha: 69f1d3729468eecb5637baa85e2b6303f1b80c0d
    tree_hash: f4270f856ef00655a7d2965019c135bb4e42e380
    timestamp: 2026-08-25T01:58:11.784Z
    cli_version: unknown
    generator_versions: {}
  - commit_sha: f41bb31550b9965a4b2a1631b94888c3ab205e32
    tree_hash: 307ce3fb6d5698e59f5b2bf8e7e0149a5e445d8d
    timestamp: 2026-08-25T01:58:12.494Z
    cli_version: unknown
    generator_versions:
      fernapi/fern-ruby-sdk: 1.23.2
  - commit_sha: a95ffd10d7a72efb540bcdc0327172669f138488
    tree_hash: bf484e9c20407812861dac6df9b760963d33bd30
    timestamp: 2026-08-25T06:17:22.307Z
    cli_version: unknown
    generator_versions:
      fernapi/fern-ruby-sdk: 1.23.2
  - commit_sha: 3a515a64301868d3a3fa304877034f398bf1ffdf
    tree_hash: ac62dac976c0848f731ea232c6cbb913eefbf39f
    timestamp: 2026-08-25T18:12:54.994Z
    cli_version: unknown
    generator_versions:
      fernapi/fern-ruby-sdk: 1.23.2
  - commit_sha: 26d4c8693d8b5ed3b7712a8b2995c0d4652f96be
    tree_hash: 7a584c4545487e403c9794c9a493f749e65479ee
    timestamp: 2026-08-25T22:42:06.004Z
    cli_version: unknown
    generator_versions:
      fernapi/fern-ruby-sdk: 1.23.2
  - commit_sha: 155b9df0c66a199e12853bacb530d79d7802dfd2
    tree_hash: 17589c267dbbff09a7be05bb3bb71af7ea221643
    timestamp: 2026-08-26T03:57:35.841Z
    cli_version: unknown
    generator_versions:
      fernapi/fern-ruby-sdk: 1.23.2
  - commit_sha: 2af02ab849ae2f388c65c069423abbd8993eb862
    tree_hash: b19a842288187288b0eed122710246aa36d38fc9
    timestamp: 2026-08-27T20:04:18.615Z
    cli_version: unknown
    generator_versions:
      fernapi/fern-ruby-sdk: 1.23.2
  - commit_sha: 845e422b613156fea9f3b31bce34b257fb30eff2
    tree_hash: 7454577440bcdce0b0f19407717deb408e70e16b
    timestamp: 2026-08-27T20:19:51.608Z
    cli_version: unknown
    generator_versions:
      fernapi/fern-ruby-sdk: 1.23.2
  - commit_sha: 9e2dbfe9b7efd2e7e09c3469c4ad8cce7c4e164d
    tree_hash: bf1538f1ef8746f4cd82eafbda5778950cd4c154
    timestamp: 2026-08-28T17:15:06.870Z
    cli_version: unknown
    generator_versions:
      fernapi/fern-ruby-sdk: 1.23.2
  - commit_sha: 5c8167f9fe10e191d1d7e61ecab172236099890b
    tree_hash: 7ae48e85c839bc4ecafb70df971864e4af249039
    timestamp: 2026-08-31T18:21:29.029Z
    cli_version: unknown
    generator_versions:
      fernapi/fern-ruby-sdk: 1.23.2
  - commit_sha: e35827f818e09251ceed98a45ee57ed012d15565
    tree_hash: 797840769175e503f975aec45d15321d6c420c05
    timestamp: 2026-09-03T00:25:02.131Z
    cli_version: unknown
    generator_versions:
      fernapi/fern-ruby-sdk: 1.23.2
  - commit_sha: 9b69797d8954c349cfd0819bd7a01db57a0f35c6
    tree_hash: bfbf04c2a2368c4951e25c0df6e8067430d0b5d3
    timestamp: 2026-09-03T02:35:22.971Z
    cli_version: unknown
    generator_versions:
      fernapi/fern-ruby-sdk: 1.23.2
current_generation: 9b69797d8954c349cfd0819bd7a01db57a0f35c6
patches: []
